
Microsoft Visual Studio Solution File, Format Version 12.00
# Visual Studio 15
VisualStudioVersion = 15.0.26124.0
MinimumVisualStudioVersion = 15.0.26124.0
Project("{9A19103F-16F7-4668-BE54-9A1E7A4F7556}") = "R5T.Gepidia.Remote.Standard.Construction", "R5T.Gepidia.Remote.Standard.Construction\R5T.Gepidia.Remote.Standard.Construction.csproj", "{64344314-2E6E-407A-98E6-E69E93D1E1B0}"
EndProject
Project("{9A19103F-16F7-4668-BE54-9A1E7A4F7556}") = "R5T.Gepidia.Remote.Standard", "R5T.Gepidia.Remote.Standard\R5T.Gepidia.Remote.Standard.csproj", "{B109C706-06A5-478F-9348-6B050BB2F257}"
EndProject
Project("{9A19103F-16F7-4668-BE54-9A1E7A4F7556}") = "R5T.Gepidia.Remote.Standard.Testing", "R5T.Gepidia.Remote.Standard.Testing\R5T.Gepidia.Remote.Standard.Testing.csproj", "{A4CC1F40-3FD8-403B-8A36-A0AB71A94972}"
EndProject
Project("{2150E333-8FDC-42A3-9474-1A3956D46DE8}") = "_Dependencies", "_Dependencies", "{3C6948A6-DAB6-4BFC-BEEB-616C071B7C03}"
EndProject
Project("{9A19103F-16F7-4668-BE54-9A1E7A4F7556}") = "R5T.Gepidia.Remote", "..\..\R5T.Gepidia.Remote\source\R5T.Gepidia.Remote\R5T.Gepidia.Remote.csproj", "{68464831-4CA5-4D49-99D8-56279972FA5F}"
EndProject
Project("{9A19103F-16F7-4668-BE54-9A1E7A4F7556}") = "R5T.Dacia.Extensions", "..\..\R5T.Dacia.Extensions\source\R5T.Dacia.Extensions\R5T.Dacia.Extensions.csproj", "{8561059F-62FA-4E81-820B-BB8E673054B2}"
EndProject
Project("{9A19103F-16F7-4668-BE54-9A1E7A4F7556}") = "R5T.Dacia", "..\..\R5T.Dacia\source\R5T.Dacia\R5T.Dacia.csproj", "{C34307A3-61C6-49A8-A0F3-C9D02A5DF53A}"
EndProject
Project("{9A19103F-16F7-4668-BE54-9A1E7A4F7556}") = "R5T.Gepidia.Base", "..\..\R5T.Gepidia.Base\source\R5T.Gepidia.Base\R5T.Gepidia.Base.csproj", "{0008CA3A-25B0-4E9F-83A0-448DDC81B601}"
EndProject
Project("{9A19103F-16F7-4668-BE54-9A1E7A4F7556}") = "R5T.Lombardy.Base", "..\..\R5T.Lombardy.Base\source\R5T.Lombardy.Base\R5T.Lombardy.Base.csproj", "{26E00A7F-0E7E-40DA-816D-6211A2CA2283}"
EndProject
Project("{9A19103F-16F7-4668-BE54-9A1E7A4F7556}") = "R5T.Magyar", "..\..\R5T.Magyar\source\R5T.Magyar\R5T.Magyar.csproj", "{67AFD1AE-7B46-4893-9205-A494B87FD2D0}"
EndProject
Project("{9A19103F-16F7-4668-BE54-9A1E7A4F7556}") = "R5T.Pictia", "..\..\R5T.Pictia\source\R5T.Pictia\R5T.Pictia.csproj", "{1EAE4EF9-0EB9-4DF1-9EA0-E9862BE56CF4}"
EndProject
Project("{9A19103F-16F7-4668-BE54-9A1E7A4F7556}") = "R5T.Lombardy.Standard", "..\..\R5T.Lombardy.Standard\source\R5T.Lombardy.Standard\R5T.Lombardy.Standard.csproj", "{7EA49B05-6B63-4B86-AC0D-E052F31802B8}"
EndProject
Project("{9A19103F-16F7-4668-BE54-9A1E7A4F7556}") = "R5T.Lombardy", "..\..\R5T.Lombardy\source\R5T.Lombardy\R5T.Lombardy.csproj", "{B4FDCF28-D50A-4B61-B885-93270BB7E117}"
EndProject
Project("{9A19103F-16F7-4668-BE54-9A1E7A4F7556}") = "R5T.Cherusci", "..\..\R5T.Cherusci\source\R5T.Cherusci\R5T.Cherusci.csproj", "{D1CCDA8E-E99C-437A-B1A7-489B020ACCE7}"
EndProject
Project("{9A19103F-16F7-4668-BE54-9A1E7A4F7556}") = "R5T.Rugia", "..\..\R5T.Rugia\source\R5T.Rugia\R5T.Rugia.csproj", "{65EEF25D-6D9A-405C-9608-FF39DB50FFB1}"
EndProject
Project("{9A19103F-16F7-4668-BE54-9A1E7A4F7556}") = "R5T.Rugia.Base", "..\..\R5T.Rugia.Base\source\R5T.Rugia.Base\R5T.Rugia.Base.csproj", "{DBEA3225-D86D-441A-8F07-BA37F70A93F0}"
EndProject
Project("{9A19103F-16F7-4668-BE54-9A1E7A4F7556}") = "R5T.Pictia.Base", "..\..\R5T.Pictia.Base\source\R5T.Pictia.Base\R5T.Pictia.Base.csproj", "{8BF1FD5D-A689-4067-8448-10E42D6BF09B}"
EndProject
Project("{9A19103F-16F7-4668-BE54-9A1E7A4F7556}") = "R5T.Pictia.Frisia.Standard", "..\..\R5T.Pictia.Frisia.Standard\source\R5T.Pictia.Frisia.Standard\R5T.Pictia.Frisia.Standard.csproj", "{C329DE59-630A-46BD-A979-1BAC9CB9C90A}"
EndProject
Project("{9A19103F-16F7-4668-BE54-9A1E7A4F7556}") = "R5T.Frisia.Standard", "..\..\R5T.Frisia.Standard\source\R5T.Frisia.Standard\R5T.Frisia.Standard.csproj", "{0F0EB10C-B296-4734-8C29-342BA1FB3BBD}"
EndProject
Project("{9A19103F-16F7-4668-BE54-9A1E7A4F7556}") = "R5T.Frisia.Suebia", "..\..\R5T.Frisia.Suebia\source\R5T.Frisia.Suebia\R5T.Frisia.Suebia.csproj", "{E579BF71-370E-463D-B13D-37A664B6A28D}"
EndProject
Project("{9A19103F-16F7-4668-BE54-9A1E7A4F7556}") = "R5T.Frisia.Base", "..\..\R5T.Frisia.Base\source\R5T.Frisia.Base\R5T.Frisia.Base.csproj", "{58B35D1F-26BE-4326-8A5A-2163FCE3A699}"
EndProject
Project("{9A19103F-16F7-4668-BE54-9A1E7A4F7556}") = "R5T.Jutland.Base", "..\..\R5T.Jutland.Base\source\R5T.Jutland.Base\R5T.Jutland.Base.csproj", "{F0E09F35-11CD-4882-A2EE-0907CDEE93FB}"
EndProject
Project("{9A19103F-16F7-4668-BE54-9A1E7A4F7556}") = "R5T.Suebia.Base", "..\..\R5T.Suebia.Base\source\R5T.Suebia.Base\R5T.Suebia.Base.csproj", "{68DC2D64-FA37-441F-A0E9-47A0C65D5256}"
EndProject
Project("{9A19103F-16F7-4668-BE54-9A1E7A4F7556}") = "R5T.Jutland.Standard", "..\..\R5T.Jutland.Standard\source\R5T.Jutland.Standard\R5T.Jutland.Standard.csproj", "{0DDECD3B-08E4-40F3-91EE-B43C4F202700}"
EndProject
Project("{9A19103F-16F7-4668-BE54-9A1E7A4F7556}") = "R5T.Jutland.Newtonsoft", "..\..\R5T.Jutland.Newtonsoft\source\R5T.Jutland.Newtonsoft\R5T.Jutland.Newtonsoft.csproj", "{6E708146-F7ED-483D-AB30-1A18CEAB6BE2}"
EndProject
Project("{9A19103F-16F7-4668-BE54-9A1E7A4F7556}") = "R5T.Newport", "..\..\R5T.Newport\source\R5T.Newport\R5T.Newport.csproj", "{164C5BE2-CF07-49F5-A253-6AC93929943F}"
EndProject
Project("{9A19103F-16F7-4668-BE54-9A1E7A4F7556}") = "R5T.Suebia.Standard", "..\..\R5T.Suebia.Standard\source\R5T.Suebia.Standard\R5T.Suebia.Standard.csproj", "{0F7720E3-F0CE-4B26-A2E1-DFEC7C318F3B}"
EndProject
Project("{9A19103F-16F7-4668-BE54-9A1E7A4F7556}") = "R5T.Alamania.Standard", "..\..\R5T.Alamania.Standard\source\R5T.Alamania.Standard\R5T.Alamania.Standard.csproj", "{2707634B-A26A-42D5-ACAD-5E05C5E3BCBA}"
EndProject
Project("{9A19103F-16F7-4668-BE54-9A1E7A4F7556}") = "R5T.Alamania.Bulgaria", "..\..\R5T.Alamania.Bulgaria\source\R5T.Alamania.Bulgaria\R5T.Alamania.Bulgaria.csproj", "{DAC735F5-7637-47DB-8FA4-3E8E00403C9F}"
EndProject
Project("{9A19103F-16F7-4668-BE54-9A1E7A4F7556}") = "R5T.Alamania.Base", "..\..\R5T.Alamania.Base\source\R5T.Alamania.Base\R5T.Alamania.Base.csproj", "{A723CEB4-340F-4E65-AD07-40687982D14D}"
EndProject
Project("{9A19103F-16F7-4668-BE54-9A1E7A4F7556}") = "R5T.Bulgaria.Base", "..\..\R5T.Bulgaria.Base\source\R5T.Bulgaria.Base\R5T.Bulgaria.Base.csproj", "{F15CC2BA-F833-4FF8-9997-DE72E982F031}"
EndProject
Project("{9A19103F-16F7-4668-BE54-9A1E7A4F7556}") = "R5T.Costobocia.Base", "..\..\R5T.Costobocia.Base\source\R5T.Costobocia.Base\R5T.Costobocia.Base.csproj", "{FE7F4FA3-D6CC-46DA-9480-D09AE1C37A36}"
EndProject
Project("{9A19103F-16F7-4668-BE54-9A1E7A4F7556}") = "R5T.Ostrogothia", "..\..\R5T.Ostrogothia\source\R5T.Ostrogothia\R5T.Ostrogothia.csproj", "{C5B8BCFA-9215-4AE3-8FF8-41010D378404}"
EndProject
Project("{9A19103F-16F7-4668-BE54-9A1E7A4F7556}") = "R5T.Ostrogothia.Rivet", "..\..\R5T.Ostrogothia.Rivet\source\R5T.Ostrogothia.Rivet\R5T.Ostrogothia.Rivet.csproj", "{C376F897-3DCA-48F3-8605-9B1ADA12F66F}"
EndProject
Project("{9A19103F-16F7-4668-BE54-9A1E7A4F7556}") = "R5T.Bulgaria.UserProfileDirectory", "..\..\R5T.Bulgaria.UserProfileDirectory\source\R5T.Bulgaria.UserProfileDirectory\R5T.Bulgaria.UserProfileDirectory.csproj", "{8C6CB955-D767-42BB-932E-C462536FF52A}"
EndProject
Project("{9A19103F-16F7-4668-BE54-9A1E7A4F7556}") = "R5T.Bulgaria.Visigothia", "..\..\R5T.Bulgaria.Visigothia\source\R5T.Bulgaria.Visigothia\R5T.Bulgaria.Visigothia.csproj", "{0F0FA777-71F5-47D2-A7A7-9E1B04EDC01F}"
EndProject
Project("{9A19103F-16F7-4668-BE54-9A1E7A4F7556}") = "R5T.Peristeria.Base", "..\..\R5T.Peristeria.Base\source\R5T.Peristeria.Base\R5T.Peristeria.Base.csproj", "{688FC6ED-8B8F-4D43-8E3B-1F4521D5FDD4}"
EndProject
Project("{9A19103F-16F7-4668-BE54-9A1E7A4F7556}") = "R5T.Visigothia.Base", "..\..\R5T.Visigothia.Base\source\R5T.Visigothia.Base\R5T.Visigothia.Base.csproj", "{CC4BC808-8DEA-4BF0-8227-C119AE7EB5AF}"
EndProject
Project("{9A19103F-16F7-4668-BE54-9A1E7A4F7556}") = "R5T.Peristeria.Standard", "..\..\R5T.Peristeria.Standard\source\R5T.Peristeria.Standard\R5T.Peristeria.Standard.csproj", "{FB6EFD38-D7AE-4498-B848-911E5DF4B4BD}"
EndProject
Project("{9A19103F-16F7-4668-BE54-9A1E7A4F7556}") = "R5T.Peristeria.Default", "..\..\R5T.Peristeria.Default\source\R5T.Peristeria.Default\R5T.Peristeria.Default.csproj", "{C734659B-C8DB-4EE0-80B0-2C347FCC0683}"
EndProject
Project("{9A19103F-16F7-4668-BE54-9A1E7A4F7556}") = "R5T.Visigothia.Standard", "..\..\R5T.Visigothia.Standard\source\R5T.Visigothia.Standard\R5T.Visigothia.Standard.csproj", "{98A1A27E-37F3-4B0B-8FE2-F963398B57A8}"
EndProject
Project("{9A19103F-16F7-4668-BE54-9A1E7A4F7556}") = "R5T.Visigothia.Local.Standard", "..\..\R5T.Visigothia.Local.Standard\source\R5T.Visigothia.Local.Standard\R5T.Visigothia.Local.Standard.csproj", "{BCE0EF51-A523-4E19-B689-073FF9E5F3BE}"
EndProject
Project("{9A19103F-16F7-4668-BE54-9A1E7A4F7556}") = "R5T.Visigothia.Local.Default", "..\..\R5T.Visigothia.Local.Default\source\R5T.Visigothia.Local.Default\R5T.Visigothia.Local.Default.csproj", "{94BAB854-629B-4669-8E63-C005676D3E9E}"
EndProject
Project("{9A19103F-16F7-4668-BE54-9A1E7A4F7556}") = "R5T.Costobocia.Standard", "..\..\R5T.Costobocia.Standard\source\R5T.Costobocia.Standard\R5T.Costobocia.Standard.csproj", "{C14AC85E-D315-48AD-B1BD-5297967CDB81}"
EndProject
Project("{9A19103F-16F7-4668-BE54-9A1E7A4F7556}") = "R5T.Costobocia.Default", "..\..\R5T.Costobocia.Default\source\R5T.Costobocia.Default\R5T.Costobocia.Default.csproj", "{27C753E9-E286-44AD-AE2D-DFBBD112A01E}"
EndProject
Project("{9A19103F-16F7-4668-BE54-9A1E7A4F7556}") = "R5T.Suebia.Alamania", "..\..\R5T.Suebia.Alamania\source\R5T.Suebia.Alamania\R5T.Suebia.Alamania.csproj", "{137B1A24-F3C6-45C9-A9F9-DEAFFDF2CCFD}"
EndProject
Project("{9A19103F-16F7-4668-BE54-9A1E7A4F7556}") = "R5T.Suebia.Default", "..\..\R5T.Suebia.Default\source\R5T.Suebia.Default\R5T.Suebia.Default.csproj", "{EE187C14-B45E-4C89-8A3A-E76FA4CD4A0E}"
EndProject
Project("{9A19103F-16F7-4668-BE54-9A1E7A4F7556}") = "R5T.Pictia.Frisia", "..\..\R5T.Pictia.Frisia\source\R5T.Pictia.Frisia\R5T.Pictia.Frisia.csproj", "{8A1605C2-E481-4223-90CA-0D8D18F305BD}"
EndProject
Global
	GlobalSection(SolutionConfigurationPlatforms) = preSolution
		Debug|Any CPU = Debug|Any CPU
		Debug|x64 = Debug|x64
		Debug|x86 = Debug|x86
		Release|Any CPU = Release|Any CPU
		Release|x64 = Release|x64
		Release|x86 = Release|x86
	EndGlobalSection
	GlobalSection(ProjectConfigurationPlatforms) = postSolution
		{64344314-2E6E-407A-98E6-E69E93D1E1B0}.Debug|Any CPU.ActiveCfg = Debug|Any CPU
		{64344314-2E6E-407A-98E6-E69E93D1E1B0}.Debug|Any CPU.Build.0 = Debug|Any CPU
		{64344314-2E6E-407A-98E6-E69E93D1E1B0}.Debug|x64.ActiveCfg = Debug|Any CPU
		{64344314-2E6E-407A-98E6-E69E93D1E1B0}.Debug|x64.Build.0 = Debug|Any CPU
		{64344314-2E6E-407A-98E6-E69E93D1E1B0}.Debug|x86.ActiveCfg = Debug|Any CPU
		{64344314-2E6E-407A-98E6-E69E93D1E1B0}.Debug|x86.Build.0 = Debug|Any CPU
		{64344314-2E6E-407A-98E6-E69E93D1E1B0}.Release|Any CPU.ActiveCfg = Release|Any CPU
		{64344314-2E6E-407A-98E6-E69E93D1E1B0}.Release|Any CPU.Build.0 = Release|Any CPU
		{64344314-2E6E-407A-98E6-E69E93D1E1B0}.Release|x64.ActiveCfg = Release|Any CPU
		{64344314-2E6E-407A-98E6-E69E93D1E1B0}.Release|x64.Build.0 = Release|Any CPU
		{64344314-2E6E-407A-98E6-E69E93D1E1B0}.Release|x86.ActiveCfg = Release|Any CPU
		{64344314-2E6E-407A-98E6-E69E93D1E1B0}.Release|x86.Build.0 = Release|Any CPU
		{B109C706-06A5-478F-9348-6B050BB2F257}.Debug|Any CPU.ActiveCfg = Debug|Any CPU
		{B109C706-06A5-478F-9348-6B050BB2F257}.Debug|Any CPU.Build.0 = Debug|Any CPU
		{B109C706-06A5-478F-9348-6B050BB2F257}.Debug|x64.ActiveCfg = Debug|Any CPU
		{B109C706-06A5-478F-9348-6B050BB2F257}.Debug|x64.Build.0 = Debug|Any CPU
		{B109C706-06A5-478F-9348-6B050BB2F257}.Debug|x86.ActiveCfg = Debug|Any CPU
		{B109C706-06A5-478F-9348-6B050BB2F257}.Debug|x86.Build.0 = Debug|Any CPU
		{B109C706-06A5-478F-9348-6B050BB2F257}.Release|Any CPU.ActiveCfg = Release|Any CPU
		{B109C706-06A5-478F-9348-6B050BB2F257}.Release|Any CPU.Build.0 = Release|Any CPU
		{B109C706-06A5-478F-9348-6B050BB2F257}.Release|x64.ActiveCfg = Release|Any CPU
		{B109C706-06A5-478F-9348-6B050BB2F257}.Release|x64.Build.0 = Release|Any CPU
		{B109C706-06A5-478F-9348-6B050BB2F257}.Release|x86.ActiveCfg = Release|Any CPU
		{B109C706-06A5-478F-9348-6B050BB2F257}.Release|x86.Build.0 = Release|Any CPU
		{A4CC1F40-3FD8-403B-8A36-A0AB71A94972}.Debug|Any CPU.ActiveCfg = Debug|Any CPU
		{A4CC1F40-3FD8-403B-8A36-A0AB71A94972}.Debug|Any CPU.Build.0 = Debug|Any CPU
		{A4CC1F40-3FD8-403B-8A36-A0AB71A94972}.Debug|x64.ActiveCfg = Debug|Any CPU
		{A4CC1F40-3FD8-403B-8A36-A0AB71A94972}.Debug|x64.Build.0 = Debug|Any CPU
		{A4CC1F40-3FD8-403B-8A36-A0AB71A94972}.Debug|x86.ActiveCfg = Debug|Any CPU
		{A4CC1F40-3FD8-403B-8A36-A0AB71A94972}.Debug|x86.Build.0 = Debug|Any CPU
		{A4CC1F40-3FD8-403B-8A36-A0AB71A94972}.Release|Any CPU.ActiveCfg = Release|Any CPU
		{A4CC1F40-3FD8-403B-8A36-A0AB71A94972}.Release|Any CPU.Build.0 = Release|Any CPU
		{A4CC1F40-3FD8-403B-8A36-A0AB71A94972}.Release|x64.ActiveCfg = Release|Any CPU
		{A4CC1F40-3FD8-403B-8A36-A0AB71A94972}.Release|x64.Build.0 = Release|Any CPU
		{A4CC1F40-3FD8-403B-8A36-A0AB71A94972}.Release|x86.ActiveCfg = Release|Any CPU
		{A4CC1F40-3FD8-403B-8A36-A0AB71A94972}.Release|x86.Build.0 = Release|Any CPU
		{68464831-4CA5-4D49-99D8-56279972FA5F}.Debug|Any CPU.ActiveCfg = Debug|Any CPU
		{68464831-4CA5-4D49-99D8-56279972FA5F}.Debug|Any CPU.Build.0 = Debug|Any CPU
		{68464831-4CA5-4D49-99D8-56279972FA5F}.Debug|x64.ActiveCfg = Debug|Any CPU
		{68464831-4CA5-4D49-99D8-56279972FA5F}.Debug|x64.Build.0 = Debug|Any CPU
		{68464831-4CA5-4D49-99D8-56279972FA5F}.Debug|x86.ActiveCfg = Debug|Any CPU
		{68464831-4CA5-4D49-99D8-56279972FA5F}.Debug|x86.Build.0 = Debug|Any CPU
		{68464831-4CA5-4D49-99D8-56279972FA5F}.Release|Any CPU.ActiveCfg = Release|Any CPU
		{68464831-4CA5-4D49-99D8-56279972FA5F}.Release|Any CPU.Build.0 = Release|Any CPU
		{68464831-4CA5-4D49-99D8-56279972FA5F}.Release|x64.ActiveCfg = Release|Any CPU
		{68464831-4CA5-4D49-99D8-56279972FA5F}.Release|x64.Build.0 = Release|Any CPU
		{68464831-4CA5-4D49-99D8-56279972FA5F}.Release|x86.ActiveCfg = Release|Any CPU
		{68464831-4CA5-4D49-99D8-56279972FA5F}.Release|x86.Build.0 = Release|Any CPU
		{8561059F-62FA-4E81-820B-BB8E673054B2}.Debug|Any CPU.ActiveCfg = Debug|Any CPU
		{8561059F-62FA-4E81-820B-BB8E673054B2}.Debug|Any CPU.Build.0 = Debug|Any CPU
		{8561059F-62FA-4E81-820B-BB8E673054B2}.Debug|x64.ActiveCfg = Debug|Any CPU
		{8561059F-62FA-4E81-820B-BB8E673054B2}.Debug|x64.Build.0 = Debug|Any CPU
		{8561059F-62FA-4E81-820B-BB8E673054B2}.Debug|x86.ActiveCfg = Debug|Any CPU
		{8561059F-62FA-4E81-820B-BB8E673054B2}.Debug|x86.Build.0 = Debug|Any CPU
		{8561059F-62FA-4E81-820B-BB8E673054B2}.Release|Any CPU.ActiveCfg = Release|Any CPU
		{8561059F-62FA-4E81-820B-BB8E673054B2}.Release|Any CPU.Build.0 = Release|Any CPU
		{8561059F-62FA-4E81-820B-BB8E673054B2}.Release|x64.ActiveCfg = Release|Any CPU
		{8561059F-62FA-4E81-820B-BB8E673054B2}.Release|x64.Build.0 = Release|Any CPU
		{8561059F-62FA-4E81-820B-BB8E673054B2}.Release|x86.ActiveCfg = Release|Any CPU
		{8561059F-62FA-4E81-820B-BB8E673054B2}.Release|x86.Build.0 = Release|Any CPU
		{C34307A3-61C6-49A8-A0F3-C9D02A5DF53A}.Debug|Any CPU.ActiveCfg = Debug|Any CPU
		{C34307A3-61C6-49A8-A0F3-C9D02A5DF53A}.Debug|Any CPU.Build.0 = Debug|Any CPU
		{C34307A3-61C6-49A8-A0F3-C9D02A5DF53A}.Debug|x64.ActiveCfg = Debug|Any CPU
		{C34307A3-61C6-49A8-A0F3-C9D02A5DF53A}.Debug|x64.Build.0 = Debug|Any CPU
		{C34307A3-61C6-49A8-A0F3-C9D02A5DF53A}.Debug|x86.ActiveCfg = Debug|Any CPU
		{C34307A3-61C6-49A8-A0F3-C9D02A5DF53A}.Debug|x86.Build.0 = Debug|Any CPU
		{C34307A3-61C6-49A8-A0F3-C9D02A5DF53A}.Release|Any CPU.ActiveCfg = Release|Any CPU
		{C34307A3-61C6-49A8-A0F3-C9D02A5DF53A}.Release|Any CPU.Build.0 = Release|Any CPU
		{C34307A3-61C6-49A8-A0F3-C9D02A5DF53A}.Release|x64.ActiveCfg = Release|Any CPU
		{C34307A3-61C6-49A8-A0F3-C9D02A5DF53A}.Release|x64.Build.0 = Release|Any CPU
		{C34307A3-61C6-49A8-A0F3-C9D02A5DF53A}.Release|x86.ActiveCfg = Release|Any CPU
		{C34307A3-61C6-49A8-A0F3-C9D02A5DF53A}.Release|x86.Build.0 = Release|Any CPU
		{0008CA3A-25B0-4E9F-83A0-448DDC81B601}.Debug|Any CPU.ActiveCfg = Debug|Any CPU
		{0008CA3A-25B0-4E9F-83A0-448DDC81B601}.Debug|Any CPU.Build.0 = Debug|Any CPU
		{0008CA3A-25B0-4E9F-83A0-448DDC81B601}.Debug|x64.ActiveCfg = Debug|Any CPU
		{0008CA3A-25B0-4E9F-83A0-448DDC81B601}.Debug|x64.Build.0 = Debug|Any CPU
		{0008CA3A-25B0-4E9F-83A0-448DDC81B601}.Debug|x86.ActiveCfg = Debug|Any CPU
		{0008CA3A-25B0-4E9F-83A0-448DDC81B601}.Debug|x86.Build.0 = Debug|Any CPU
		{0008CA3A-25B0-4E9F-83A0-448DDC81B601}.Release|Any CPU.ActiveCfg = Release|Any CPU
		{0008CA3A-25B0-4E9F-83A0-448DDC81B601}.Release|Any CPU.Build.0 = Release|Any CPU
		{0008CA3A-25B0-4E9F-83A0-448DDC81B601}.Release|x64.ActiveCfg = Release|Any CPU
		{0008CA3A-25B0-4E9F-83A0-448DDC81B601}.Release|x64.Build.0 = Release|Any CPU
		{0008CA3A-25B0-4E9F-83A0-448DDC81B601}.Release|x86.ActiveCfg = Release|Any CPU
		{0008CA3A-25B0-4E9F-83A0-448DDC81B601}.Release|x86.Build.0 = Release|Any CPU
		{26E00A7F-0E7E-40DA-816D-6211A2CA2283}.Debug|Any CPU.ActiveCfg = Debug|Any CPU
		{26E00A7F-0E7E-40DA-816D-6211A2CA2283}.Debug|Any CPU.Build.0 = Debug|Any CPU
		{26E00A7F-0E7E-40DA-816D-6211A2CA2283}.Debug|x64.ActiveCfg = Debug|Any CPU
		{26E00A7F-0E7E-40DA-816D-6211A2CA2283}.Debug|x64.Build.0 = Debug|Any CPU
		{26E00A7F-0E7E-40DA-816D-6211A2CA2283}.Debug|x86.ActiveCfg = Debug|Any CPU
		{26E00A7F-0E7E-40DA-816D-6211A2CA2283}.Debug|x86.Build.0 = Debug|Any CPU
		{26E00A7F-0E7E-40DA-816D-6211A2CA2283}.Release|Any CPU.ActiveCfg = Release|Any CPU
		{26E00A7F-0E7E-40DA-816D-6211A2CA2283}.Release|Any CPU.Build.0 = Release|Any CPU
		{26E00A7F-0E7E-40DA-816D-6211A2CA2283}.Release|x64.ActiveCfg = Release|Any CPU
		{26E00A7F-0E7E-40DA-816D-6211A2CA2283}.Release|x64.Build.0 = Release|Any CPU
		{26E00A7F-0E7E-40DA-816D-6211A2CA2283}.Release|x86.ActiveCfg = Release|Any CPU
		{26E00A7F-0E7E-40DA-816D-6211A2CA2283}.Release|x86.Build.0 = Release|Any CPU
		{67AFD1AE-7B46-4893-9205-A494B87FD2D0}.Debug|Any CPU.ActiveCfg = Debug|Any CPU
		{67AFD1AE-7B46-4893-9205-A494B87FD2D0}.Debug|Any CPU.Build.0 = Debug|Any CPU
		{67AFD1AE-7B46-4893-9205-A494B87FD2D0}.Debug|x64.ActiveCfg = Debug|Any CPU
		{67AFD1AE-7B46-4893-9205-A494B87FD2D0}.Debug|x64.Build.0 = Debug|Any CPU
		{67AFD1AE-7B46-4893-9205-A494B87FD2D0}.Debug|x86.ActiveCfg = Debug|Any CPU
		{67AFD1AE-7B46-4893-9205-A494B87FD2D0}.Debug|x86.Build.0 = Debug|Any CPU
		{67AFD1AE-7B46-4893-9205-A494B87FD2D0}.Release|Any CPU.ActiveCfg = Release|Any CPU
		{67AFD1AE-7B46-4893-9205-A494B87FD2D0}.Release|Any CPU.Build.0 = Release|Any CPU
		{67AFD1AE-7B46-4893-9205-A494B87FD2D0}.Release|x64.ActiveCfg = Release|Any CPU
		{67AFD1AE-7B46-4893-9205-A494B87FD2D0}.Release|x64.Build.0 = Release|Any CPU
		{67AFD1AE-7B46-4893-9205-A494B87FD2D0}.Release|x86.ActiveCfg = Release|Any CPU
		{67AFD1AE-7B46-4893-9205-A494B87FD2D0}.Release|x86.Build.0 = Release|Any CPU
		{1EAE4EF9-0EB9-4DF1-9EA0-E9862BE56CF4}.Debug|Any CPU.ActiveCfg = Debug|Any CPU
		{1EAE4EF9-0EB9-4DF1-9EA0-E9862BE56CF4}.Debug|Any CPU.Build.0 = Debug|Any CPU
		{1EAE4EF9-0EB9-4DF1-9EA0-E9862BE56CF4}.Debug|x64.ActiveCfg = Debug|Any CPU
		{1EAE4EF9-0EB9-4DF1-9EA0-E9862BE56CF4}.Debug|x64.Build.0 = Debug|Any CPU
		{1EAE4EF9-0EB9-4DF1-9EA0-E9862BE56CF4}.Debug|x86.ActiveCfg = Debug|Any CPU
		{1EAE4EF9-0EB9-4DF1-9EA0-E9862BE56CF4}.Debug|x86.Build.0 = Debug|Any CPU
		{1EAE4EF9-0EB9-4DF1-9EA0-E9862BE56CF4}.Release|Any CPU.ActiveCfg = Release|Any CPU
		{1EAE4EF9-0EB9-4DF1-9EA0-E9862BE56CF4}.Release|Any CPU.Build.0 = Release|Any CPU
		{1EAE4EF9-0EB9-4DF1-9EA0-E9862BE56CF4}.Release|x64.ActiveCfg = Release|Any CPU
		{1EAE4EF9-0EB9-4DF1-9EA0-E9862BE56CF4}.Release|x64.Build.0 = Release|Any CPU
		{1EAE4EF9-0EB9-4DF1-9EA0-E9862BE56CF4}.Release|x86.ActiveCfg = Release|Any CPU
		{1EAE4EF9-0EB9-4DF1-9EA0-E9862BE56CF4}.Release|x86.Build.0 = Release|Any CPU
		{7EA49B05-6B63-4B86-AC0D-E052F31802B8}.Debug|Any CPU.ActiveCfg = Debug|Any CPU
		{7EA49B05-6B63-4B86-AC0D-E052F31802B8}.Debug|Any CPU.Build.0 = Debug|Any CPU
		{7EA49B05-6B63-4B86-AC0D-E052F31802B8}.Debug|x64.ActiveCfg = Debug|Any CPU
		{7EA49B05-6B63-4B86-AC0D-E052F31802B8}.Debug|x64.Build.0 = Debug|Any CPU
		{7EA49B05-6B63-4B86-AC0D-E052F31802B8}.Debug|x86.ActiveCfg = Debug|Any CPU
		{7EA49B05-6B63-4B86-AC0D-E052F31802B8}.Debug|x86.Build.0 = Debug|Any CPU
		{7EA49B05-6B63-4B86-AC0D-E052F31802B8}.Release|Any CPU.ActiveCfg = Release|Any CPU
		{7EA49B05-6B63-4B86-AC0D-E052F31802B8}.Release|Any CPU.Build.0 = Release|Any CPU
		{7EA49B05-6B63-4B86-AC0D-E052F31802B8}.Release|x64.ActiveCfg = Release|Any CPU
		{7EA49B05-6B63-4B86-AC0D-E052F31802B8}.Release|x64.Build.0 = Release|Any CPU
		{7EA49B05-6B63-4B86-AC0D-E052F31802B8}.Release|x86.ActiveCfg = Release|Any CPU
		{7EA49B05-6B63-4B86-AC0D-E052F31802B8}.Release|x86.Build.0 = Release|Any CPU
		{B4FDCF28-D50A-4B61-B885-93270BB7E117}.Debug|Any CPU.ActiveCfg = Debug|Any CPU
		{B4FDCF28-D50A-4B61-B885-93270BB7E117}.Debug|Any CPU.Build.0 = Debug|Any CPU
		{B4FDCF28-D50A-4B61-B885-93270BB7E117}.Debug|x64.ActiveCfg = Debug|Any CPU
		{B4FDCF28-D50A-4B61-B885-93270BB7E117}.Debug|x64.Build.0 = Debug|Any CPU
		{B4FDCF28-D50A-4B61-B885-93270BB7E117}.Debug|x86.ActiveCfg = Debug|Any CPU
		{B4FDCF28-D50A-4B61-B885-93270BB7E117}.Debug|x86.Build.0 = Debug|Any CPU
		{B4FDCF28-D50A-4B61-B885-93270BB7E117}.Release|Any CPU.ActiveCfg = Release|Any CPU
		{B4FDCF28-D50A-4B61-B885-93270BB7E117}.Release|Any CPU.Build.0 = Release|Any CPU
		{B4FDCF28-D50A-4B61-B885-93270BB7E117}.Release|x64.ActiveCfg = Release|Any CPU
		{B4FDCF28-D50A-4B61-B885-93270BB7E117}.Release|x64.Build.0 = Release|Any CPU
		{B4FDCF28-D50A-4B61-B885-93270BB7E117}.Release|x86.ActiveCfg = Release|Any CPU
		{B4FDCF28-D50A-4B61-B885-93270BB7E117}.Release|x86.Build.0 = Release|Any CPU
		{D1CCDA8E-E99C-437A-B1A7-489B020ACCE7}.Debug|Any CPU.ActiveCfg = Debug|Any CPU
		{D1CCDA8E-E99C-437A-B1A7-489B020ACCE7}.Debug|Any CPU.Build.0 = Debug|Any CPU
		{D1CCDA8E-E99C-437A-B1A7-489B020ACCE7}.Debug|x64.ActiveCfg = Debug|Any CPU
		{D1CCDA8E-E99C-437A-B1A7-489B020ACCE7}.Debug|x64.Build.0 = Debug|Any CPU
		{D1CCDA8E-E99C-437A-B1A7-489B020ACCE7}.Debug|x86.ActiveCfg = Debug|Any CPU
		{D1CCDA8E-E99C-437A-B1A7-489B020ACCE7}.Debug|x86.Build.0 = Debug|Any CPU
		{D1CCDA8E-E99C-437A-B1A7-489B020ACCE7}.Release|Any CPU.ActiveCfg = Release|Any CPU
		{D1CCDA8E-E99C-437A-B1A7-489B020ACCE7}.Release|Any CPU.Build.0 = Release|Any CPU
		{D1CCDA8E-E99C-437A-B1A7-489B020ACCE7}.Release|x64.ActiveCfg = Release|Any CPU
		{D1CCDA8E-E99C-437A-B1A7-489B020ACCE7}.Release|x64.Build.0 = Release|Any CPU
		{D1CCDA8E-E99C-437A-B1A7-489B020ACCE7}.Release|x86.ActiveCfg = Release|Any CPU
		{D1CCDA8E-E99C-437A-B1A7-489B020ACCE7}.Release|x86.Build.0 = Release|Any CPU
		{65EEF25D-6D9A-405C-9608-FF39DB50FFB1}.Debug|Any CPU.ActiveCfg = Debug|Any CPU
		{65EEF25D-6D9A-405C-9608-FF39DB50FFB1}.Debug|Any CPU.Build.0 = Debug|Any CPU
		{65EEF25D-6D9A-405C-9608-FF39DB50FFB1}.Debug|x64.ActiveCfg = Debug|Any CPU
		{65EEF25D-6D9A-405C-9608-FF39DB50FFB1}.Debug|x64.Build.0 = Debug|Any CPU
		{65EEF25D-6D9A-405C-9608-FF39DB50FFB1}.Debug|x86.ActiveCfg = Debug|Any CPU
		{65EEF25D-6D9A-405C-9608-FF39DB50FFB1}.Debug|x86.Build.0 = Debug|Any CPU
		{65EEF25D-6D9A-405C-9608-FF39DB50FFB1}.Release|Any CPU.ActiveCfg = Release|Any CPU
		{65EEF25D-6D9A-405C-9608-FF39DB50FFB1}.Release|Any CPU.Build.0 = Release|Any CPU
		{65EEF25D-6D9A-405C-9608-FF39DB50FFB1}.Release|x64.ActiveCfg = Release|Any CPU
		{65EEF25D-6D9A-405C-9608-FF39DB50FFB1}.Release|x64.Build.0 = Release|Any CPU
		{65EEF25D-6D9A-405C-9608-FF39DB50FFB1}.Release|x86.ActiveCfg = Release|Any CPU
		{65EEF25D-6D9A-405C-9608-FF39DB50FFB1}.Release|x86.Build.0 = Release|Any CPU
		{DBEA3225-D86D-441A-8F07-BA37F70A93F0}.Debug|Any CPU.ActiveCfg = Debug|Any CPU
		{DBEA3225-D86D-441A-8F07-BA37F70A93F0}.Debug|Any CPU.Build.0 = Debug|Any CPU
		{DBEA3225-D86D-441A-8F07-BA37F70A93F0}.Debug|x64.ActiveCfg = Debug|Any CPU
		{DBEA3225-D86D-441A-8F07-BA37F70A93F0}.Debug|x64.Build.0 = Debug|Any CPU
		{DBEA3225-D86D-441A-8F07-BA37F70A93F0}.Debug|x86.ActiveCfg = Debug|Any CPU
		{DBEA3225-D86D-441A-8F07-BA37F70A93F0}.Debug|x86.Build.0 = Debug|Any CPU
		{DBEA3225-D86D-441A-8F07-BA37F70A93F0}.Release|Any CPU.ActiveCfg = Release|Any CPU
		{DBEA3225-D86D-441A-8F07-BA37F70A93F0}.Release|Any CPU.Build.0 = Release|Any CPU
		{DBEA3225-D86D-441A-8F07-BA37F70A93F0}.Release|x64.ActiveCfg = Release|Any CPU
		{DBEA3225-D86D-441A-8F07-BA37F70A93F0}.Release|x64.Build.0 = Release|Any CPU
		{DBEA3225-D86D-441A-8F07-BA37F70A93F0}.Release|x86.ActiveCfg = Release|Any CPU
		{DBEA3225-D86D-441A-8F07-BA37F70A93F0}.Release|x86.Build.0 = Release|Any CPU
		{8BF1FD5D-A689-4067-8448-10E42D6BF09B}.Debug|Any CPU.ActiveCfg = Debug|Any CPU
		{8BF1FD5D-A689-4067-8448-10E42D6BF09B}.Debug|Any CPU.Build.0 = Debug|Any CPU
		{8BF1FD5D-A689-4067-8448-10E42D6BF09B}.Debug|x64.ActiveCfg = Debug|Any CPU
		{8BF1FD5D-A689-4067-8448-10E42D6BF09B}.Debug|x64.Build.0 = Debug|Any CPU
		{8BF1FD5D-A689-4067-8448-10E42D6BF09B}.Debug|x86.ActiveCfg = Debug|Any CPU
		{8BF1FD5D-A689-4067-8448-10E42D6BF09B}.Debug|x86.Build.0 = Debug|Any CPU
		{8BF1FD5D-A689-4067-8448-10E42D6BF09B}.Release|Any CPU.ActiveCfg = Release|Any CPU
		{8BF1FD5D-A689-4067-8448-10E42D6BF09B}.Release|Any CPU.Build.0 = Release|Any CPU
		{8BF1FD5D-A689-4067-8448-10E42D6BF09B}.Release|x64.ActiveCfg = Release|Any CPU
		{8BF1FD5D-A689-4067-8448-10E42D6BF09B}.Release|x64.Build.0 = Release|Any CPU
		{8BF1FD5D-A689-4067-8448-10E42D6BF09B}.Release|x86.ActiveCfg = Release|Any CPU
		{8BF1FD5D-A689-4067-8448-10E42D6BF09B}.Release|x86.Build.0 = Release|Any CPU
		{C329DE59-630A-46BD-A979-1BAC9CB9C90A}.Debug|Any CPU.ActiveCfg = Debug|Any CPU
		{C329DE59-630A-46BD-A979-1BAC9CB9C90A}.Debug|Any CPU.Build.0 = Debug|Any CPU
		{C329DE59-630A-46BD-A979-1BAC9CB9C90A}.Debug|x64.ActiveCfg = Debug|Any CPU
		{C329DE59-630A-46BD-A979-1BAC9CB9C90A}.Debug|x64.Build.0 = Debug|Any CPU
		{C329DE59-630A-46BD-A979-1BAC9CB9C90A}.Debug|x86.ActiveCfg = Debug|Any CPU
		{C329DE59-630A-46BD-A979-1BAC9CB9C90A}.Debug|x86.Build.0 = Debug|Any CPU
		{C329DE59-630A-46BD-A979-1BAC9CB9C90A}.Release|Any CPU.ActiveCfg = Release|Any CPU
		{C329DE59-630A-46BD-A979-1BAC9CB9C90A}.Release|Any CPU.Build.0 = Release|Any CPU
		{C329DE59-630A-46BD-A979-1BAC9CB9C90A}.Release|x64.ActiveCfg = Release|Any CPU
		{C329DE59-630A-46BD-A979-1BAC9CB9C90A}.Release|x64.Build.0 = Release|Any CPU
		{C329DE59-630A-46BD-A979-1BAC9CB9C90A}.Release|x86.ActiveCfg = Release|Any CPU
		{C329DE59-630A-46BD-A979-1BAC9CB9C90A}.Release|x86.Build.0 = Release|Any CPU
		{0F0EB10C-B296-4734-8C29-342BA1FB3BBD}.Debug|Any CPU.ActiveCfg = Debug|Any CPU
		{0F0EB10C-B296-4734-8C29-342BA1FB3BBD}.Debug|Any CPU.Build.0 = Debug|Any CPU
		{0F0EB10C-B296-4734-8C29-342BA1FB3BBD}.Debug|x64.ActiveCfg = Debug|Any CPU
		{0F0EB10C-B296-4734-8C29-342BA1FB3BBD}.Debug|x64.Build.0 = Debug|Any CPU
		{0F0EB10C-B296-4734-8C29-342BA1FB3BBD}.Debug|x86.ActiveCfg = Debug|Any CPU
		{0F0EB10C-B296-4734-8C29-342BA1FB3BBD}.Debug|x86.Build.0 = Debug|Any CPU
		{0F0EB10C-B296-4734-8C29-342BA1FB3BBD}.Release|Any CPU.ActiveCfg = Release|Any CPU
		{0F0EB10C-B296-4734-8C29-342BA1FB3BBD}.Release|Any CPU.Build.0 = Release|Any CPU
		{0F0EB10C-B296-4734-8C29-342BA1FB3BBD}.Release|x64.ActiveCfg = Release|Any CPU
		{0F0EB10C-B296-4734-8C29-342BA1FB3BBD}.Release|x64.Build.0 = Release|Any CPU
		{0F0EB10C-B296-4734-8C29-342BA1FB3BBD}.Release|x86.ActiveCfg = Release|Any CPU
		{0F0EB10C-B296-4734-8C29-342BA1FB3BBD}.Release|x86.Build.0 = Release|Any CPU
		{E579BF71-370E-463D-B13D-37A664B6A28D}.Debug|Any CPU.ActiveCfg = Debug|Any CPU
		{E579BF71-370E-463D-B13D-37A664B6A28D}.Debug|Any CPU.Build.0 = Debug|Any CPU
		{E579BF71-370E-463D-B13D-37A664B6A28D}.Debug|x64.ActiveCfg = Debug|Any CPU
		{E579BF71-370E-463D-B13D-37A664B6A28D}.Debug|x64.Build.0 = Debug|Any CPU
		{E579BF71-370E-463D-B13D-37A664B6A28D}.Debug|x86.ActiveCfg = Debug|Any CPU
		{E579BF71-370E-463D-B13D-37A664B6A28D}.Debug|x86.Build.0 = Debug|Any CPU
		{E579BF71-370E-463D-B13D-37A664B6A28D}.Release|Any CPU.ActiveCfg = Release|Any CPU
		{E579BF71-370E-463D-B13D-37A664B6A28D}.Release|Any CPU.Build.0 = Release|Any CPU
		{E579BF71-370E-463D-B13D-37A664B6A28D}.Release|x64.ActiveCfg = Release|Any CPU
		{E579BF71-370E-463D-B13D-37A664B6A28D}.Release|x64.Build.0 = Release|Any CPU
		{E579BF71-370E-463D-B13D-37A664B6A28D}.Release|x86.ActiveCfg = Release|Any CPU
		{E579BF71-370E-463D-B13D-37A664B6A28D}.Release|x86.Build.0 = Release|Any CPU
		{58B35D1F-26BE-4326-8A5A-2163FCE3A699}.Debug|Any CPU.ActiveCfg = Debug|Any CPU
		{58B35D1F-26BE-4326-8A5A-2163FCE3A699}.Debug|Any CPU.Build.0 = Debug|Any CPU
		{58B35D1F-26BE-4326-8A5A-2163FCE3A699}.Debug|x64.ActiveCfg = Debug|Any CPU
		{58B35D1F-26BE-4326-8A5A-2163FCE3A699}.Debug|x64.Build.0 = Debug|Any CPU
		{58B35D1F-26BE-4326-8A5A-2163FCE3A699}.Debug|x86.ActiveCfg = Debug|Any CPU
		{58B35D1F-26BE-4326-8A5A-2163FCE3A699}.Debug|x86.Build.0 = Debug|Any CPU
		{58B35D1F-26BE-4326-8A5A-2163FCE3A699}.Release|Any CPU.ActiveCfg = Release|Any CPU
		{58B35D1F-26BE-4326-8A5A-2163FCE3A699}.Release|Any CPU.Build.0 = Release|Any CPU
		{58B35D1F-26BE-4326-8A5A-2163FCE3A699}.Release|x64.ActiveCfg = Release|Any CPU
		{58B35D1F-26BE-4326-8A5A-2163FCE3A699}.Release|x64.Build.0 = Release|Any CPU
		{58B35D1F-26BE-4326-8A5A-2163FCE3A699}.Release|x86.ActiveCfg = Release|Any CPU
		{58B35D1F-26BE-4326-8A5A-2163FCE3A699}.Release|x86.Build.0 = Release|Any CPU
		{F0E09F35-11CD-4882-A2EE-0907CDEE93FB}.Debug|Any CPU.ActiveCfg = Debug|Any CPU
		{F0E09F35-11CD-4882-A2EE-0907CDEE93FB}.Debug|Any CPU.Build.0 = Debug|Any CPU
		{F0E09F35-11CD-4882-A2EE-0907CDEE93FB}.Debug|x64.ActiveCfg = Debug|Any CPU
		{F0E09F35-11CD-4882-A2EE-0907CDEE93FB}.Debug|x64.Build.0 = Debug|Any CPU
		{F0E09F35-11CD-4882-A2EE-0907CDEE93FB}.Debug|x86.ActiveCfg = Debug|Any CPU
		{F0E09F35-11CD-4882-A2EE-0907CDEE93FB}.Debug|x86.Build.0 = Debug|Any CPU
		{F0E09F35-11CD-4882-A2EE-0907CDEE93FB}.Release|Any CPU.ActiveCfg = Release|Any CPU
		{F0E09F35-11CD-4882-A2EE-0907CDEE93FB}.Release|Any CPU.Build.0 = Release|Any CPU
		{F0E09F35-11CD-4882-A2EE-0907CDEE93FB}.Release|x64.ActiveCfg = Release|Any CPU
		{F0E09F35-11CD-4882-A2EE-0907CDEE93FB}.Release|x64.Build.0 = Release|Any CPU
		{F0E09F35-11CD-4882-A2EE-0907CDEE93FB}.Release|x86.ActiveCfg = Release|Any CPU
		{F0E09F35-11CD-4882-A2EE-0907CDEE93FB}.Release|x86.Build.0 = Release|Any CPU
		{68DC2D64-FA37-441F-A0E9-47A0C65D5256}.Debug|Any CPU.ActiveCfg = Debug|Any CPU
		{68DC2D64-FA37-441F-A0E9-47A0C65D5256}.Debug|Any CPU.Build.0 = Debug|Any CPU
		{68DC2D64-FA37-441F-A0E9-47A0C65D5256}.Debug|x64.ActiveCfg = Debug|Any CPU
		{68DC2D64-FA37-441F-A0E9-47A0C65D5256}.Debug|x64.Build.0 = Debug|Any CPU
		{68DC2D64-FA37-441F-A0E9-47A0C65D5256}.Debug|x86.ActiveCfg = Debug|Any CPU
		{68DC2D64-FA37-441F-A0E9-47A0C65D5256}.Debug|x86.Build.0 = Debug|Any CPU
		{68DC2D64-FA37-441F-A0E9-47A0C65D5256}.Release|Any CPU.ActiveCfg = Release|Any CPU
		{68DC2D64-FA37-441F-A0E9-47A0C65D5256}.Release|Any CPU.Build.0 = Release|Any CPU
		{68DC2D64-FA37-441F-A0E9-47A0C65D5256}.Release|x64.ActiveCfg = Release|Any CPU
		{68DC2D64-FA37-441F-A0E9-47A0C65D5256}.Release|x64.Build.0 = Release|Any CPU
		{68DC2D64-FA37-441F-A0E9-47A0C65D5256}.Release|x86.ActiveCfg = Release|Any CPU
		{68DC2D64-FA37-441F-A0E9-47A0C65D5256}.Release|x86.Build.0 = Release|Any CPU
		{0DDECD3B-08E4-40F3-91EE-B43C4F202700}.Debug|Any CPU.ActiveCfg = Debug|Any CPU
		{0DDECD3B-08E4-40F3-91EE-B43C4F202700}.Debug|Any CPU.Build.0 = Debug|Any CPU
		{0DDECD3B-08E4-40F3-91EE-B43C4F202700}.Debug|x64.ActiveCfg = Debug|Any CPU
		{0DDECD3B-08E4-40F3-91EE-B43C4F202700}.Debug|x64.Build.0 = Debug|Any CPU
		{0DDECD3B-08E4-40F3-91EE-B43C4F202700}.Debug|x86.ActiveCfg = Debug|Any CPU
		{0DDECD3B-08E4-40F3-91EE-B43C4F202700}.Debug|x86.Build.0 = Debug|Any CPU
		{0DDECD3B-08E4-40F3-91EE-B43C4F202700}.Release|Any CPU.ActiveCfg = Release|Any CPU
		{0DDECD3B-08E4-40F3-91EE-B43C4F202700}.Release|Any CPU.Build.0 = Release|Any CPU
		{0DDECD3B-08E4-40F3-91EE-B43C4F202700}.Release|x64.ActiveCfg = Release|Any CPU
		{0DDECD3B-08E4-40F3-91EE-B43C4F202700}.Release|x64.Build.0 = Release|Any CPU
		{0DDECD3B-08E4-40F3-91EE-B43C4F202700}.Release|x86.ActiveCfg = Release|Any CPU
		{0DDECD3B-08E4-40F3-91EE-B43C4F202700}.Release|x86.Build.0 = Release|Any CPU
		{6E708146-F7ED-483D-AB30-1A18CEAB6BE2}.Debug|Any CPU.ActiveCfg = Debug|Any CPU
		{6E708146-F7ED-483D-AB30-1A18CEAB6BE2}.Debug|Any CPU.Build.0 = Debug|Any CPU
		{6E708146-F7ED-483D-AB30-1A18CEAB6BE2}.Debug|x64.ActiveCfg = Debug|Any CPU
		{6E708146-F7ED-483D-AB30-1A18CEAB6BE2}.Debug|x64.Build.0 = Debug|Any CPU
		{6E708146-F7ED-483D-AB30-1A18CEAB6BE2}.Debug|x86.ActiveCfg = Debug|Any CPU
		{6E708146-F7ED-483D-AB30-1A18CEAB6BE2}.Debug|x86.Build.0 = Debug|Any CPU
		{6E708146-F7ED-483D-AB30-1A18CEAB6BE2}.Release|Any CPU.ActiveCfg = Release|Any CPU
		{6E708146-F7ED-483D-AB30-1A18CEAB6BE2}.Release|Any CPU.Build.0 = Release|Any CPU
		{6E708146-F7ED-483D-AB30-1A18CEAB6BE2}.Release|x64.ActiveCfg = Release|Any CPU
		{6E708146-F7ED-483D-AB30-1A18CEAB6BE2}.Release|x64.Build.0 = Release|Any CPU
		{6E708146-F7ED-483D-AB30-1A18CEAB6BE2}.Release|x86.ActiveCfg = Release|Any CPU
		{6E708146-F7ED-483D-AB30-1A18CEAB6BE2}.Release|x86.Build.0 = Release|Any CPU
		{164C5BE2-CF07-49F5-A253-6AC93929943F}.Debug|Any CPU.ActiveCfg = Debug|Any CPU
		{164C5BE2-CF07-49F5-A253-6AC93929943F}.Debug|Any CPU.Build.0 = Debug|Any CPU
		{164C5BE2-CF07-49F5-A253-6AC93929943F}.Debug|x64.ActiveCfg = Debug|Any CPU
		{164C5BE2-CF07-49F5-A253-6AC93929943F}.Debug|x64.Build.0 = Debug|Any CPU
		{164C5BE2-CF07-49F5-A253-6AC93929943F}.Debug|x86.ActiveCfg = Debug|Any CPU
		{164C5BE2-CF07-49F5-A253-6AC93929943F}.Debug|x86.Build.0 = Debug|Any CPU
		{164C5BE2-CF07-49F5-A253-6AC93929943F}.Release|Any CPU.ActiveCfg = Release|Any CPU
		{164C5BE2-CF07-49F5-A253-6AC93929943F}.Release|Any CPU.Build.0 = Release|Any CPU
		{164C5BE2-CF07-49F5-A253-6AC93929943F}.Release|x64.ActiveCfg = Release|Any CPU
		{164C5BE2-CF07-49F5-A253-6AC93929943F}.Release|x64.Build.0 = Release|Any CPU
		{164C5BE2-CF07-49F5-A253-6AC93929943F}.Release|x86.ActiveCfg = Release|Any CPU
		{164C5BE2-CF07-49F5-A253-6AC93929943F}.Release|x86.Build.0 = Release|Any CPU
		{0F7720E3-F0CE-4B26-A2E1-DFEC7C318F3B}.Debug|Any CPU.ActiveCfg = Debug|Any CPU
		{0F7720E3-F0CE-4B26-A2E1-DFEC7C318F3B}.Debug|Any CPU.Build.0 = Debug|Any CPU
		{0F7720E3-F0CE-4B26-A2E1-DFEC7C318F3B}.Debug|x64.ActiveCfg = Debug|Any CPU
		{0F7720E3-F0CE-4B26-A2E1-DFEC7C318F3B}.Debug|x64.Build.0 = Debug|Any CPU
		{0F7720E3-F0CE-4B26-A2E1-DFEC7C318F3B}.Debug|x86.ActiveCfg = Debug|Any CPU
		{0F7720E3-F0CE-4B26-A2E1-DFEC7C318F3B}.Debug|x86.Build.0 = Debug|Any CPU
		{0F7720E3-F0CE-4B26-A2E1-DFEC7C318F3B}.Release|Any CPU.ActiveCfg = Release|Any CPU
		{0F7720E3-F0CE-4B26-A2E1-DFEC7C318F3B}.Release|Any CPU.Build.0 = Release|Any CPU
		{0F7720E3-F0CE-4B26-A2E1-DFEC7C318F3B}.Release|x64.ActiveCfg = Release|Any CPU
		{0F7720E3-F0CE-4B26-A2E1-DFEC7C318F3B}.Release|x64.Build.0 = Release|Any CPU
		{0F7720E3-F0CE-4B26-A2E1-DFEC7C318F3B}.Release|x86.ActiveCfg = Release|Any CPU
		{0F7720E3-F0CE-4B26-A2E1-DFEC7C318F3B}.Release|x86.Build.0 = Release|Any CPU
		{2707634B-A26A-42D5-ACAD-5E05C5E3BCBA}.Debug|Any CPU.ActiveCfg = Debug|Any CPU
		{2707634B-A26A-42D5-ACAD-5E05C5E3BCBA}.Debug|Any CPU.Build.0 = Debug|Any CPU
		{2707634B-A26A-42D5-ACAD-5E05C5E3BCBA}.Debug|x64.ActiveCfg = Debug|Any CPU
		{2707634B-A26A-42D5-ACAD-5E05C5E3BCBA}.Debug|x64.Build.0 = Debug|Any CPU
		{2707634B-A26A-42D5-ACAD-5E05C5E3BCBA}.Debug|x86.ActiveCfg = Debug|Any CPU
		{2707634B-A26A-42D5-ACAD-5E05C5E3BCBA}.Debug|x86.Build.0 = Debug|Any CPU
		{2707634B-A26A-42D5-ACAD-5E05C5E3BCBA}.Release|Any CPU.ActiveCfg = Release|Any CPU
		{2707634B-A26A-42D5-ACAD-5E05C5E3BCBA}.Release|Any CPU.Build.0 = Release|Any CPU
		{2707634B-A26A-42D5-ACAD-5E05C5E3BCBA}.Release|x64.ActiveCfg = Release|Any CPU
		{2707634B-A26A-42D5-ACAD-5E05C5E3BCBA}.Release|x64.Build.0 = Release|Any CPU
		{2707634B-A26A-42D5-ACAD-5E05C5E3BCBA}.Release|x86.ActiveCfg = Release|Any CPU
		{2707634B-A26A-42D5-ACAD-5E05C5E3BCBA}.Release|x86.Build.0 = Release|Any CPU
		{DAC735F5-7637-47DB-8FA4-3E8E00403C9F}.Debug|Any CPU.ActiveCfg = Debug|Any CPU
		{DAC735F5-7637-47DB-8FA4-3E8E00403C9F}.Debug|Any CPU.Build.0 = Debug|Any CPU
		{DAC735F5-7637-47DB-8FA4-3E8E00403C9F}.Debug|x64.ActiveCfg = Debug|Any CPU
		{DAC735F5-7637-47DB-8FA4-3E8E00403C9F}.Debug|x64.Build.0 = Debug|Any CPU
		{DAC735F5-7637-47DB-8FA4-3E8E00403C9F}.Debug|x86.ActiveCfg = Debug|Any CPU
		{DAC735F5-7637-47DB-8FA4-3E8E00403C9F}.Debug|x86.Build.0 = Debug|Any CPU
		{DAC735F5-7637-47DB-8FA4-3E8E00403C9F}.Release|Any CPU.ActiveCfg = Release|Any CPU
		{DAC735F5-7637-47DB-8FA4-3E8E00403C9F}.Release|Any CPU.Build.0 = Release|Any CPU
		{DAC735F5-7637-47DB-8FA4-3E8E00403C9F}.Release|x64.ActiveCfg = Release|Any CPU
		{DAC735F5-7637-47DB-8FA4-3E8E00403C9F}.Release|x64.Build.0 = Release|Any CPU
		{DAC735F5-7637-47DB-8FA4-3E8E00403C9F}.Release|x86.ActiveCfg = Release|Any CPU
		{DAC735F5-7637-47DB-8FA4-3E8E00403C9F}.Release|x86.Build.0 = Release|Any CPU
		{A723CEB4-340F-4E65-AD07-40687982D14D}.Debug|Any CPU.ActiveCfg = Debug|Any CPU
		{A723CEB4-340F-4E65-AD07-40687982D14D}.Debug|Any CPU.Build.0 = Debug|Any CPU
		{A723CEB4-340F-4E65-AD07-40687982D14D}.Debug|x64.ActiveCfg = Debug|Any CPU
		{A723CEB4-340F-4E65-AD07-40687982D14D}.Debug|x64.Build.0 = Debug|Any CPU
		{A723CEB4-340F-4E65-AD07-40687982D14D}.Debug|x86.ActiveCfg = Debug|Any CPU
		{A723CEB4-340F-4E65-AD07-40687982D14D}.Debug|x86.Build.0 = Debug|Any CPU
		{A723CEB4-340F-4E65-AD07-40687982D14D}.Release|Any CPU.ActiveCfg = Release|Any CPU
		{A723CEB4-340F-4E65-AD07-40687982D14D}.Release|Any CPU.Build.0 = Release|Any CPU
		{A723CEB4-340F-4E65-AD07-40687982D14D}.Release|x64.ActiveCfg = Release|Any CPU
		{A723CEB4-340F-4E65-AD07-40687982D14D}.Release|x64.Build.0 = Release|Any CPU
		{A723CEB4-340F-4E65-AD07-40687982D14D}.Release|x86.ActiveCfg = Release|Any CPU
		{A723CEB4-340F-4E65-AD07-40687982D14D}.Release|x86.Build.0 = Release|Any CPU
		{F15CC2BA-F833-4FF8-9997-DE72E982F031}.Debug|Any CPU.ActiveCfg = Debug|Any CPU
		{F15CC2BA-F833-4FF8-9997-DE72E982F031}.Debug|Any CPU.Build.0 = Debug|Any CPU
		{F15CC2BA-F833-4FF8-9997-DE72E982F031}.Debug|x64.ActiveCfg = Debug|Any CPU
		{F15CC2BA-F833-4FF8-9997-DE72E982F031}.Debug|x64.Build.0 = Debug|Any CPU
		{F15CC2BA-F833-4FF8-9997-DE72E982F031}.Debug|x86.ActiveCfg = Debug|Any CPU
		{F15CC2BA-F833-4FF8-9997-DE72E982F031}.Debug|x86.Build.0 = Debug|Any CPU
		{F15CC2BA-F833-4FF8-9997-DE72E982F031}.Release|Any CPU.ActiveCfg = Release|Any CPU
		{F15CC2BA-F833-4FF8-9997-DE72E982F031}.Release|Any CPU.Build.0 = Release|Any CPU
		{F15CC2BA-F833-4FF8-9997-DE72E982F031}.Release|x64.ActiveCfg = Release|Any CPU
		{F15CC2BA-F833-4FF8-9997-DE72E982F031}.Release|x64.Build.0 = Release|Any CPU
		{F15CC2BA-F833-4FF8-9997-DE72E982F031}.Release|x86.ActiveCfg = Release|Any CPU
		{F15CC2BA-F833-4FF8-9997-DE72E982F031}.Release|x86.Build.0 = Release|Any CPU
		{FE7F4FA3-D6CC-46DA-9480-D09AE1C37A36}.Debug|Any CPU.ActiveCfg = Debug|Any CPU
		{FE7F4FA3-D6CC-46DA-9480-D09AE1C37A36}.Debug|Any CPU.Build.0 = Debug|Any CPU
		{FE7F4FA3-D6CC-46DA-9480-D09AE1C37A36}.Debug|x64.ActiveCfg = Debug|Any CPU
		{FE7F4FA3-D6CC-46DA-9480-D09AE1C37A36}.Debug|x64.Build.0 = Debug|Any CPU
		{FE7F4FA3-D6CC-46DA-9480-D09AE1C37A36}.Debug|x86.ActiveCfg = Debug|Any CPU
		{FE7F4FA3-D6CC-46DA-9480-D09AE1C37A36}.Debug|x86.Build.0 = Debug|Any CPU
		{FE7F4FA3-D6CC-46DA-9480-D09AE1C37A36}.Release|Any CPU.ActiveCfg = Release|Any CPU
		{FE7F4FA3-D6CC-46DA-9480-D09AE1C37A36}.Release|Any CPU.Build.0 = Release|Any CPU
		{FE7F4FA3-D6CC-46DA-9480-D09AE1C37A36}.Release|x64.ActiveCfg = Release|Any CPU
		{FE7F4FA3-D6CC-46DA-9480-D09AE1C37A36}.Release|x64.Build.0 = Release|Any CPU
		{FE7F4FA3-D6CC-46DA-9480-D09AE1C37A36}.Release|x86.ActiveCfg = Release|Any CPU
		{FE7F4FA3-D6CC-46DA-9480-D09AE1C37A36}.Release|x86.Build.0 = Release|Any CPU
		{C5B8BCFA-9215-4AE3-8FF8-41010D378404}.Debug|Any CPU.ActiveCfg = Debug|Any CPU
		{C5B8BCFA-9215-4AE3-8FF8-41010D378404}.Debug|Any CPU.Build.0 = Debug|Any CPU
		{C5B8BCFA-9215-4AE3-8FF8-41010D378404}.Debug|x64.ActiveCfg = Debug|Any CPU
		{C5B8BCFA-9215-4AE3-8FF8-41010D378404}.Debug|x64.Build.0 = Debug|Any CPU
		{C5B8BCFA-9215-4AE3-8FF8-41010D378404}.Debug|x86.ActiveCfg = Debug|Any CPU
		{C5B8BCFA-9215-4AE3-8FF8-41010D378404}.Debug|x86.Build.0 = Debug|Any CPU
		{C5B8BCFA-9215-4AE3-8FF8-41010D378404}.Release|Any CPU.ActiveCfg = Release|Any CPU
		{C5B8BCFA-9215-4AE3-8FF8-41010D378404}.Release|Any CPU.Build.0 = Release|Any CPU
		{C5B8BCFA-9215-4AE3-8FF8-41010D378404}.Release|x64.ActiveCfg = Release|Any CPU
		{C5B8BCFA-9215-4AE3-8FF8-41010D378404}.Release|x64.Build.0 = Release|Any CPU
		{C5B8BCFA-9215-4AE3-8FF8-41010D378404}.Release|x86.ActiveCfg = Release|Any CPU
		{C5B8BCFA-9215-4AE3-8FF8-41010D378404}.Release|x86.Build.0 = Release|Any CPU
		{C376F897-3DCA-48F3-8605-9B1ADA12F66F}.Debug|Any CPU.ActiveCfg = Debug|Any CPU
		{C376F897-3DCA-48F3-8605-9B1ADA12F66F}.Debug|Any CPU.Build.0 = Debug|Any CPU
		{C376F897-3DCA-48F3-8605-9B1ADA12F66F}.Debug|x64.ActiveCfg = Debug|Any CPU
		{C376F897-3DCA-48F3-8605-9B1ADA12F66F}.Debug|x64.Build.0 = Debug|Any CPU
		{C376F897-3DCA-48F3-8605-9B1ADA12F66F}.Debug|x86.ActiveCfg = Debug|Any CPU
		{C376F897-3DCA-48F3-8605-9B1ADA12F66F}.Debug|x86.Build.0 = Debug|Any CPU
		{C376F897-3DCA-48F3-8605-9B1ADA12F66F}.Release|Any CPU.ActiveCfg = Release|Any CPU
		{C376F897-3DCA-48F3-8605-9B1ADA12F66F}.Release|Any CPU.Build.0 = Release|Any CPU
		{C376F897-3DCA-48F3-8605-9B1ADA12F66F}.Release|x64.ActiveCfg = Release|Any CPU
		{C376F897-3DCA-48F3-8605-9B1ADA12F66F}.Release|x64.Build.0 = Release|Any CPU
		{C376F897-3DCA-48F3-8605-9B1ADA12F66F}.Release|x86.ActiveCfg = Release|Any CPU
		{C376F897-3DCA-48F3-8605-9B1ADA12F66F}.Release|x86.Build.0 = Release|Any CPU
		{8C6CB955-D767-42BB-932E-C462536FF52A}.Debug|Any CPU.ActiveCfg = Debug|Any CPU
		{8C6CB955-D767-42BB-932E-C462536FF52A}.Debug|Any CPU.Build.0 = Debug|Any CPU
		{8C6CB955-D767-42BB-932E-C462536FF52A}.Debug|x64.ActiveCfg = Debug|Any CPU
		{8C6CB955-D767-42BB-932E-C462536FF52A}.Debug|x64.Build.0 = Debug|Any CPU
		{8C6CB955-D767-42BB-932E-C462536FF52A}.Debug|x86.ActiveCfg = Debug|Any CPU
		{8C6CB955-D767-42BB-932E-C462536FF52A}.Debug|x86.Build.0 = Debug|Any CPU
		{8C6CB955-D767-42BB-932E-C462536FF52A}.Release|Any CPU.ActiveCfg = Release|Any CPU
		{8C6CB955-D767-42BB-932E-C462536FF52A}.Release|Any CPU.Build.0 = Release|Any CPU
		{8C6CB955-D767-42BB-932E-C462536FF52A}.Release|x64.ActiveCfg = Release|Any CPU
		{8C6CB955-D767-42BB-932E-C462536FF52A}.Release|x64.Build.0 = Release|Any CPU
		{8C6CB955-D767-42BB-932E-C462536FF52A}.Release|x86.ActiveCfg = Release|Any CPU
		{8C6CB955-D767-42BB-932E-C462536FF52A}.Release|x86.Build.0 = Release|Any CPU
		{0F0FA777-71F5-47D2-A7A7-9E1B04EDC01F}.Debug|Any CPU.ActiveCfg = Debug|Any CPU
		{0F0FA777-71F5-47D2-A7A7-9E1B04EDC01F}.Debug|Any CPU.Build.0 = Debug|Any CPU
		{0F0FA777-71F5-47D2-A7A7-9E1B04EDC01F}.Debug|x64.ActiveCfg = Debug|Any CPU
		{0F0FA777-71F5-47D2-A7A7-9E1B04EDC01F}.Debug|x64.Build.0 = Debug|Any CPU
		{0F0FA777-71F5-47D2-A7A7-9E1B04EDC01F}.Debug|x86.ActiveCfg = Debug|Any CPU
		{0F0FA777-71F5-47D2-A7A7-9E1B04EDC01F}.Debug|x86.Build.0 = Debug|Any CPU
		{0F0FA777-71F5-47D2-A7A7-9E1B04EDC01F}.Release|Any CPU.ActiveCfg = Release|Any CPU
		{0F0FA777-71F5-47D2-A7A7-9E1B04EDC01F}.Release|Any CPU.Build.0 = Release|Any CPU
		{0F0FA777-71F5-47D2-A7A7-9E1B04EDC01F}.Release|x64.ActiveCfg = Release|Any CPU
		{0F0FA777-71F5-47D2-A7A7-9E1B04EDC01F}.Release|x64.Build.0 = Release|Any CPU
		{0F0FA777-71F5-47D2-A7A7-9E1B04EDC01F}.Release|x86.ActiveCfg = Release|Any CPU
		{0F0FA777-71F5-47D2-A7A7-9E1B04EDC01F}.Release|x86.Build.0 = Release|Any CPU
		{688FC6ED-8B8F-4D43-8E3B-1F4521D5FDD4}.Debug|Any CPU.ActiveCfg = Debug|Any CPU
		{688FC6ED-8B8F-4D43-8E3B-1F4521D5FDD4}.Debug|Any CPU.Build.0 = Debug|Any CPU
		{688FC6ED-8B8F-4D43-8E3B-1F4521D5FDD4}.Debug|x64.ActiveCfg = Debug|Any CPU
		{688FC6ED-8B8F-4D43-8E3B-1F4521D5FDD4}.Debug|x64.Build.0 = Debug|Any CPU
		{688FC6ED-8B8F-4D43-8E3B-1F4521D5FDD4}.Debug|x86.ActiveCfg = Debug|Any CPU
		{688FC6ED-8B8F-4D43-8E3B-1F4521D5FDD4}.Debug|x86.Build.0 = Debug|Any CPU
		{688FC6ED-8B8F-4D43-8E3B-1F4521D5FDD4}.Release|Any CPU.ActiveCfg = Release|Any CPU
		{688FC6ED-8B8F-4D43-8E3B-1F4521D5FDD4}.Release|Any CPU.Build.0 = Release|Any CPU
		{688FC6ED-8B8F-4D43-8E3B-1F4521D5FDD4}.Release|x64.ActiveCfg = Release|Any CPU
		{688FC6ED-8B8F-4D43-8E3B-1F4521D5FDD4}.Release|x64.Build.0 = Release|Any CPU
		{688FC6ED-8B8F-4D43-8E3B-1F4521D5FDD4}.Release|x86.ActiveCfg = Release|Any CPU
		{688FC6ED-8B8F-4D43-8E3B-1F4521D5FDD4}.Release|x86.Build.0 = Release|Any CPU
		{CC4BC808-8DEA-4BF0-8227-C119AE7EB5AF}.Debug|Any CPU.ActiveCfg = Debug|Any CPU
		{CC4BC808-8DEA-4BF0-8227-C119AE7EB5AF}.Debug|Any CPU.Build.0 = Debug|Any CPU
		{CC4BC808-8DEA-4BF0-8227-C119AE7EB5AF}.Debug|x64.ActiveCfg = Debug|Any CPU
		{CC4BC808-8DEA-4BF0-8227-C119AE7EB5AF}.Debug|x64.Build.0 = Debug|Any CPU
		{CC4BC808-8DEA-4BF0-8227-C119AE7EB5AF}.Debug|x86.ActiveCfg = Debug|Any CPU
		{CC4BC808-8DEA-4BF0-8227-C119AE7EB5AF}.Debug|x86.Build.0 = Debug|Any CPU
		{CC4BC808-8DEA-4BF0-8227-C119AE7EB5AF}.Release|Any CPU.ActiveCfg = Release|Any CPU
		{CC4BC808-8DEA-4BF0-8227-C119AE7EB5AF}.Release|Any CPU.Build.0 = Release|Any CPU
		{CC4BC808-8DEA-4BF0-8227-C119AE7EB5AF}.Release|x64.ActiveCfg = Release|Any CPU
		{CC4BC808-8DEA-4BF0-8227-C119AE7EB5AF}.Release|x64.Build.0 = Release|Any CPU
		{CC4BC808-8DEA-4BF0-8227-C119AE7EB5AF}.Release|x86.ActiveCfg = Release|Any CPU
		{CC4BC808-8DEA-4BF0-8227-C119AE7EB5AF}.Release|x86.Build.0 = Release|Any CPU
		{FB6EFD38-D7AE-4498-B848-911E5DF4B4BD}.Debug|Any CPU.ActiveCfg = Debug|Any CPU
		{FB6EFD38-D7AE-4498-B848-911E5DF4B4BD}.Debug|Any CPU.Build.0 = Debug|Any CPU
		{FB6EFD38-D7AE-4498-B848-911E5DF4B4BD}.Debug|x64.ActiveCfg = Debug|Any CPU
		{FB6EFD38-D7AE-4498-B848-911E5DF4B4BD}.Debug|x64.Build.0 = Debug|Any CPU
		{FB6EFD38-D7AE-4498-B848-911E5DF4B4BD}.Debug|x86.ActiveCfg = Debug|Any CPU
		{FB6EFD38-D7AE-4498-B848-911E5DF4B4BD}.Debug|x86.Build.0 = Debug|Any CPU
		{FB6EFD38-D7AE-4498-B848-911E5DF4B4BD}.Release|Any CPU.ActiveCfg = Release|Any CPU
		{FB6EFD38-D7AE-4498-B848-911E5DF4B4BD}.Release|Any CPU.Build.0 = Release|Any CPU
		{FB6EFD38-D7AE-4498-B848-911E5DF4B4BD}.Release|x64.ActiveCfg = Release|Any CPU
		{FB6EFD38-D7AE-4498-B848-911E5DF4B4BD}.Release|x64.Build.0 = Release|Any CPU
		{FB6EFD38-D7AE-4498-B848-911E5DF4B4BD}.Release|x86.ActiveCfg = Release|Any CPU
		{FB6EFD38-D7AE-4498-B848-911E5DF4B4BD}.Release|x86.Build.0 = Release|Any CPU
		{C734659B-C8DB-4EE0-80B0-2C347FCC0683}.Debug|Any CPU.ActiveCfg = Debug|Any CPU
		{C734659B-C8DB-4EE0-80B0-2C347FCC0683}.Debug|Any CPU.Build.0 = Debug|Any CPU
		{C734659B-C8DB-4EE0-80B0-2C347FCC0683}.Debug|x64.ActiveCfg = Debug|Any CPU
		{C734659B-C8DB-4EE0-80B0-2C347FCC0683}.Debug|x64.Build.0 = Debug|Any CPU
		{C734659B-C8DB-4EE0-80B0-2C347FCC0683}.Debug|x86.ActiveCfg = Debug|Any CPU
		{C734659B-C8DB-4EE0-80B0-2C347FCC0683}.Debug|x86.Build.0 = Debug|Any CPU
		{C734659B-C8DB-4EE0-80B0-2C347FCC0683}.Release|Any CPU.ActiveCfg = Release|Any CPU
		{C734659B-C8DB-4EE0-80B0-2C347FCC0683}.Release|Any CPU.Build.0 = Release|Any CPU
		{C734659B-C8DB-4EE0-80B0-2C347FCC0683}.Release|x64.ActiveCfg = Release|Any CPU
		{C734659B-C8DB-4EE0-80B0-2C347FCC0683}.Release|x64.Build.0 = Release|Any CPU
		{C734659B-C8DB-4EE0-80B0-2C347FCC0683}.Release|x86.ActiveCfg = Release|Any CPU
		{C734659B-C8DB-4EE0-80B0-2C347FCC0683}.Release|x86.Build.0 = Release|Any CPU
		{98A1A27E-37F3-4B0B-8FE2-F963398B57A8}.Debug|Any CPU.ActiveCfg = Debug|Any CPU
		{98A1A27E-37F3-4B0B-8FE2-F963398B57A8}.Debug|Any CPU.Build.0 = Debug|Any CPU
		{98A1A27E-37F3-4B0B-8FE2-F963398B57A8}.Debug|x64.ActiveCfg = Debug|Any CPU
		{98A1A27E-37F3-4B0B-8FE2-F963398B57A8}.Debug|x64.Build.0 = Debug|Any CPU
		{98A1A27E-37F3-4B0B-8FE2-F963398B57A8}.Debug|x86.ActiveCfg = Debug|Any CPU
		{98A1A27E-37F3-4B0B-8FE2-F963398B57A8}.Debug|x86.Build.0 = Debug|Any CPU
		{98A1A27E-37F3-4B0B-8FE2-F963398B57A8}.Release|Any CPU.ActiveCfg = Release|Any CPU
		{98A1A27E-37F3-4B0B-8FE2-F963398B57A8}.Release|Any CPU.Build.0 = Release|Any CPU
		{98A1A27E-37F3-4B0B-8FE2-F963398B57A8}.Release|x64.ActiveCfg = Release|Any CPU
		{98A1A27E-37F3-4B0B-8FE2-F963398B57A8}.Release|x64.Build.0 = Release|Any CPU
		{98A1A27E-37F3-4B0B-8FE2-F963398B57A8}.Release|x86.ActiveCfg = Release|Any CPU
		{98A1A27E-37F3-4B0B-8FE2-F963398B57A8}.Release|x86.Build.0 = Release|Any CPU
		{BCE0EF51-A523-4E19-B689-073FF9E5F3BE}.Debug|Any CPU.ActiveCfg = Debug|Any CPU
		{BCE0EF51-A523-4E19-B689-073FF9E5F3BE}.Debug|Any CPU.Build.0 = Debug|Any CPU
		{BCE0EF51-A523-4E19-B689-073FF9E5F3BE}.Debug|x64.ActiveCfg = Debug|Any CPU
		{BCE0EF51-A523-4E19-B689-073FF9E5F3BE}.Debug|x64.Build.0 = Debug|Any CPU
		{BCE0EF51-A523-4E19-B689-073FF9E5F3BE}.Debug|x86.ActiveCfg = Debug|Any CPU
		{BCE0EF51-A523-4E19-B689-073FF9E5F3BE}.Debug|x86.Build.0 = Debug|Any CPU
		{BCE0EF51-A523-4E19-B689-073FF9E5F3BE}.Release|Any CPU.ActiveCfg = Release|Any CPU
		{BCE0EF51-A523-4E19-B689-073FF9E5F3BE}.Release|Any CPU.Build.0 = Release|Any CPU
		{BCE0EF51-A523-4E19-B689-073FF9E5F3BE}.Release|x64.ActiveCfg = Release|Any CPU
		{BCE0EF51-A523-4E19-B689-073FF9E5F3BE}.Release|x64.Build.0 = Release|Any CPU
		{BCE0EF51-A523-4E19-B689-073FF9E5F3BE}.Release|x86.ActiveCfg = Release|Any CPU
		{BCE0EF51-A523-4E19-B689-073FF9E5F3BE}.Release|x86.Build.0 = Release|Any CPU
		{94BAB854-629B-4669-8E63-C005676D3E9E}.Debug|Any CPU.ActiveCfg = Debug|Any CPU
		{94BAB854-629B-4669-8E63-C005676D3E9E}.Debug|Any CPU.Build.0 = Debug|Any CPU
		{94BAB854-629B-4669-8E63-C005676D3E9E}.Debug|x64.ActiveCfg = Debug|Any CPU
		{94BAB854-629B-4669-8E63-C005676D3E9E}.Debug|x64.Build.0 = Debug|Any CPU
		{94BAB854-629B-4669-8E63-C005676D3E9E}.Debug|x86.ActiveCfg = Debug|Any CPU
		{94BAB854-629B-4669-8E63-C005676D3E9E}.Debug|x86.Build.0 = Debug|Any CPU
		{94BAB854-629B-4669-8E63-C005676D3E9E}.Release|Any CPU.ActiveCfg = Release|Any CPU
		{94BAB854-629B-4669-8E63-C005676D3E9E}.Release|Any CPU.Build.0 = Release|Any CPU
		{94BAB854-629B-4669-8E63-C005676D3E9E}.Release|x64.ActiveCfg = Release|Any CPU
		{94BAB854-629B-4669-8E63-C005676D3E9E}.Release|x64.Build.0 = Release|Any CPU
		{94BAB854-629B-4669-8E63-C005676D3E9E}.Release|x86.ActiveCfg = Release|Any CPU
		{94BAB854-629B-4669-8E63-C005676D3E9E}.Release|x86.Build.0 = Release|Any CPU
		{C14AC85E-D315-48AD-B1BD-5297967CDB81}.Debug|Any CPU.ActiveCfg = Debug|Any CPU
		{C14AC85E-D315-48AD-B1BD-5297967CDB81}.Debug|Any CPU.Build.0 = Debug|Any CPU
		{C14AC85E-D315-48AD-B1BD-5297967CDB81}.Debug|x64.ActiveCfg = Debug|Any CPU
		{C14AC85E-D315-48AD-B1BD-5297967CDB81}.Debug|x64.Build.0 = Debug|Any CPU
		{C14AC85E-D315-48AD-B1BD-5297967CDB81}.Debug|x86.ActiveCfg = Debug|Any CPU
		{C14AC85E-D315-48AD-B1BD-5297967CDB81}.Debug|x86.Build.0 = Debug|Any CPU
		{C14AC85E-D315-48AD-B1BD-5297967CDB81}.Release|Any CPU.ActiveCfg = Release|Any CPU
		{C14AC85E-D315-48AD-B1BD-5297967CDB81}.Release|Any CPU.Build.0 = Release|Any CPU
		{C14AC85E-D315-48AD-B1BD-5297967CDB81}.Release|x64.ActiveCfg = Release|Any CPU
		{C14AC85E-D315-48AD-B1BD-5297967CDB81}.Release|x64.Build.0 = Release|Any CPU
		{C14AC85E-D315-48AD-B1BD-5297967CDB81}.Release|x86.ActiveCfg = Release|Any CPU
		{C14AC85E-D315-48AD-B1BD-5297967CDB81}.Release|x86.Build.0 = Release|Any CPU
		{27C753E9-E286-44AD-AE2D-DFBBD112A01E}.Debug|Any CPU.ActiveCfg = Debug|Any CPU
		{27C753E9-E286-44AD-AE2D-DFBBD112A01E}.Debug|Any CPU.Build.0 = Debug|Any CPU
		{27C753E9-E286-44AD-AE2D-DFBBD112A01E}.Debug|x64.ActiveCfg = Debug|Any CPU
		{27C753E9-E286-44AD-AE2D-DFBBD112A01E}.Debug|x64.Build.0 = Debug|Any CPU
		{27C753E9-E286-44AD-AE2D-DFBBD112A01E}.Debug|x86.ActiveCfg = Debug|Any CPU
		{27C753E9-E286-44AD-AE2D-DFBBD112A01E}.Debug|x86.Build.0 = Debug|Any CPU
		{27C753E9-E286-44AD-AE2D-DFBBD112A01E}.Release|Any CPU.ActiveCfg = Release|Any CPU
		{27C753E9-E286-44AD-AE2D-DFBBD112A01E}.Release|Any CPU.Build.0 = Release|Any CPU
		{27C753E9-E286-44AD-AE2D-DFBBD112A01E}.Release|x64.ActiveCfg = Release|Any CPU
		{27C753E9-E286-44AD-AE2D-DFBBD112A01E}.Release|x64.Build.0 = Release|Any CPU
		{27C753E9-E286-44AD-AE2D-DFBBD112A01E}.Release|x86.ActiveCfg = Release|Any CPU
		{27C753E9-E286-44AD-AE2D-DFBBD112A01E}.Release|x86.Build.0 = Release|Any CPU
		{137B1A24-F3C6-45C9-A9F9-DEAFFDF2CCFD}.Debug|Any CPU.ActiveCfg = Debug|Any CPU
		{137B1A24-F3C6-45C9-A9F9-DEAFFDF2CCFD}.Debug|Any CPU.Build.0 = Debug|Any CPU
		{137B1A24-F3C6-45C9-A9F9-DEAFFDF2CCFD}.Debug|x64.ActiveCfg = Debug|Any CPU
		{137B1A24-F3C6-45C9-A9F9-DEAFFDF2CCFD}.Debug|x64.Build.0 = Debug|Any CPU
		{137B1A24-F3C6-45C9-A9F9-DEAFFDF2CCFD}.Debug|x86.ActiveCfg = Debug|Any CPU
		{137B1A24-F3C6-45C9-A9F9-DEAFFDF2CCFD}.Debug|x86.Build.0 = Debug|Any CPU
		{137B1A24-F3C6-45C9-A9F9-DEAFFDF2CCFD}.Release|Any CPU.ActiveCfg = Release|Any CPU
		{137B1A24-F3C6-45C9-A9F9-DEAFFDF2CCFD}.Release|Any CPU.Build.0 = Release|Any CPU
		{137B1A24-F3C6-45C9-A9F9-DEAFFDF2CCFD}.Release|x64.ActiveCfg = Release|Any CPU
		{137B1A24-F3C6-45C9-A9F9-DEAFFDF2CCFD}.Release|x64.Build.0 = Release|Any CPU
		{137B1A24-F3C6-45C9-A9F9-DEAFFDF2CCFD}.Release|x86.ActiveCfg = Release|Any CPU
		{137B1A24-F3C6-45C9-A9F9-DEAFFDF2CCFD}.Release|x86.Build.0 = Release|Any CPU
		{EE187C14-B45E-4C89-8A3A-E76FA4CD4A0E}.Debug|Any CPU.ActiveCfg = Debug|Any CPU
		{EE187C14-B45E-4C89-8A3A-E76FA4CD4A0E}.Debug|Any CPU.Build.0 = Debug|Any CPU
		{EE187C14-B45E-4C89-8A3A-E76FA4CD4A0E}.Debug|x64.ActiveCfg = Debug|Any CPU
		{EE187C14-B45E-4C89-8A3A-E76FA4CD4A0E}.Debug|x64.Build.0 = Debug|Any CPU
		{EE187C14-B45E-4C89-8A3A-E76FA4CD4A0E}.Debug|x86.ActiveCfg = Debug|Any CPU
		{EE187C14-B45E-4C89-8A3A-E76FA4CD4A0E}.Debug|x86.Build.0 = Debug|Any CPU
		{EE187C14-B45E-4C89-8A3A-E76FA4CD4A0E}.Release|Any CPU.ActiveCfg = Release|Any CPU
		{EE187C14-B45E-4C89-8A3A-E76FA4CD4A0E}.Release|Any CPU.Build.0 = Release|Any CPU
		{EE187C14-B45E-4C89-8A3A-E76FA4CD4A0E}.Release|x64.ActiveCfg = Release|Any CPU
		{EE187C14-B45E-4C89-8A3A-E76FA4CD4A0E}.Release|x64.Build.0 = Release|Any CPU
		{EE187C14-B45E-4C89-8A3A-E76FA4CD4A0E}.Release|x86.ActiveCfg = Release|Any CPU
		{EE187C14-B45E-4C89-8A3A-E76FA4CD4A0E}.Release|x86.Build.0 = Release|Any CPU
		{8A1605C2-E481-4223-90CA-0D8D18F305BD}.Debug|Any CPU.ActiveCfg = Debug|Any CPU
		{8A1605C2-E481-4223-90CA-0D8D18F305BD}.Debug|Any CPU.Build.0 = Debug|Any CPU
		{8A1605C2-E481-4223-90CA-0D8D18F305BD}.Debug|x64.ActiveCfg = Debug|Any CPU
		{8A1605C2-E481-4223-90CA-0D8D18F305BD}.Debug|x64.Build.0 = Debug|Any CPU
		{8A1605C2-E481-4223-90CA-0D8D18F305BD}.Debug|x86.ActiveCfg = Debug|Any CPU
		{8A1605C2-E481-4223-90CA-0D8D18F305BD}.Debug|x86.Build.0 = Debug|Any CPU
		{8A1605C2-E481-4223-90CA-0D8D18F305BD}.Release|Any CPU.ActiveCfg = Release|Any CPU
		{8A1605C2-E481-4223-90CA-0D8D18F305BD}.Release|Any CPU.Build.0 = Release|Any CPU
		{8A1605C2-E481-4223-90CA-0D8D18F305BD}.Release|x64.ActiveCfg = Release|Any CPU
		{8A1605C2-E481-4223-90CA-0D8D18F305BD}.Release|x64.Build.0 = Release|Any CPU
		{8A1605C2-E481-4223-90CA-0D8D18F305BD}.Release|x86.ActiveCfg = Release|Any CPU
		{8A1605C2-E481-4223-90CA-0D8D18F305BD}.Release|x86.Build.0 = Release|Any CPU
	EndGlobalSection
	GlobalSection(SolutionProperties) = preSolution
		HideSolutionNode = FALSE
	EndGlobalSection
	GlobalSection(NestedProjects) = preSolution
		{68464831-4CA5-4D49-99D8-56279972FA5F} = {3C6948A6-DAB6-4BFC-BEEB-616C071B7C03}
		{8561059F-62FA-4E81-820B-BB8E673054B2} = {3C6948A6-DAB6-4BFC-BEEB-616C071B7C03}
		{C34307A3-61C6-49A8-A0F3-C9D02A5DF53A} = {3C6948A6-DAB6-4BFC-BEEB-616C071B7C03}
		{0008CA3A-25B0-4E9F-83A0-448DDC81B601} = {3C6948A6-DAB6-4BFC-BEEB-616C071B7C03}
		{26E00A7F-0E7E-40DA-816D-6211A2CA2283} = {3C6948A6-DAB6-4BFC-BEEB-616C071B7C03}
		{67AFD1AE-7B46-4893-9205-A494B87FD2D0} = {3C6948A6-DAB6-4BFC-BEEB-616C071B7C03}
		{1EAE4EF9-0EB9-4DF1-9EA0-E9862BE56CF4} = {3C6948A6-DAB6-4BFC-BEEB-616C071B7C03}
		{7EA49B05-6B63-4B86-AC0D-E052F31802B8} = {3C6948A6-DAB6-4BFC-BEEB-616C071B7C03}
		{B4FDCF28-D50A-4B61-B885-93270BB7E117} = {3C6948A6-DAB6-4BFC-BEEB-616C071B7C03}
		{D1CCDA8E-E99C-437A-B1A7-489B020ACCE7} = {3C6948A6-DAB6-4BFC-BEEB-616C071B7C03}
		{65EEF25D-6D9A-405C-9608-FF39DB50FFB1} = {3C6948A6-DAB6-4BFC-BEEB-616C071B7C03}
		{DBEA3225-D86D-441A-8F07-BA37F70A93F0} = {3C6948A6-DAB6-4BFC-BEEB-616C071B7C03}
		{8BF1FD5D-A689-4067-8448-10E42D6BF09B} = {3C6948A6-DAB6-4BFC-BEEB-616C071B7C03}
		{C329DE59-630A-46BD-A979-1BAC9CB9C90A} = {3C6948A6-DAB6-4BFC-BEEB-616C071B7C03}
		{0F0EB10C-B296-4734-8C29-342BA1FB3BBD} = {3C6948A6-DAB6-4BFC-BEEB-616C071B7C03}
		{E579BF71-370E-463D-B13D-37A664B6A28D} = {3C6948A6-DAB6-4BFC-BEEB-616C071B7C03}
		{58B35D1F-26BE-4326-8A5A-2163FCE3A699} = {3C6948A6-DAB6-4BFC-BEEB-616C071B7C03}
		{F0E09F35-11CD-4882-A2EE-0907CDEE93FB} = {3C6948A6-DAB6-4BFC-BEEB-616C071B7C03}
		{68DC2D64-FA37-441F-A0E9-47A0C65D5256} = {3C6948A6-DAB6-4BFC-BEEB-616C071B7C03}
		{0DDECD3B-08E4-40F3-91EE-B43C4F202700} = {3C6948A6-DAB6-4BFC-BEEB-616C071B7C03}
		{6E708146-F7ED-483D-AB30-1A18CEAB6BE2} = {3C6948A6-DAB6-4BFC-BEEB-616C071B7C03}
		{164C5BE2-CF07-49F5-A253-6AC93929943F} = {3C6948A6-DAB6-4BFC-BEEB-616C071B7C03}
		{0F7720E3-F0CE-4B26-A2E1-DFEC7C318F3B} = {3C6948A6-DAB6-4BFC-BEEB-616C071B7C03}
		{2707634B-A26A-42D5-ACAD-5E05C5E3BCBA} = {3C6948A6-DAB6-4BFC-BEEB-616C071B7C03}
		{DAC735F5-7637-47DB-8FA4-3E8E00403C9F} = {3C6948A6-DAB6-4BFC-BEEB-616C071B7C03}
		{A723CEB4-340F-4E65-AD07-40687982D14D} = {3C6948A6-DAB6-4BFC-BEEB-616C071B7C03}
		{F15CC2BA-F833-4FF8-9997-DE72E982F031} = {3C6948A6-DAB6-4BFC-BEEB-616C071B7C03}
		{FE7F4FA3-D6CC-46DA-9480-D09AE1C37A36} = {3C6948A6-DAB6-4BFC-BEEB-616C071B7C03}
		{C5B8BCFA-9215-4AE3-8FF8-41010D378404} = {3C6948A6-DAB6-4BFC-BEEB-616C071B7C03}
		{C376F897-3DCA-48F3-8605-9B1ADA12F66F} = {3C6948A6-DAB6-4BFC-BEEB-616C071B7C03}
		{8C6CB955-D767-42BB-932E-C462536FF52A} = {3C6948A6-DAB6-4BFC-BEEB-616C071B7C03}
		{0F0FA777-71F5-47D2-A7A7-9E1B04EDC01F} = {3C6948A6-DAB6-4BFC-BEEB-616C071B7C03}
		{688FC6ED-8B8F-4D43-8E3B-1F4521D5FDD4} = {3C6948A6-DAB6-4BFC-BEEB-616C071B7C03}
		{CC4BC808-8DEA-4BF0-8227-C119AE7EB5AF} = {3C6948A6-DAB6-4BFC-BEEB-616C071B7C03}
		{FB6EFD38-D7AE-4498-B848-911E5DF4B4BD} = {3C6948A6-DAB6-4BFC-BEEB-616C071B7C03}
		{C734659B-C8DB-4EE0-80B0-2C347FCC0683} = {3C6948A6-DAB6-4BFC-BEEB-616C071B7C03}
		{98A1A27E-37F3-4B0B-8FE2-F963398B57A8} = {3C6948A6-DAB6-4BFC-BEEB-616C071B7C03}
		{BCE0EF51-A523-4E19-B689-073FF9E5F3BE} = {3C6948A6-DAB6-4BFC-BEEB-616C071B7C03}
		{94BAB854-629B-4669-8E63-C005676D3E9E} = {3C6948A6-DAB6-4BFC-BEEB-616C071B7C03}
		{C14AC85E-D315-48AD-B1BD-5297967CDB81} = {3C6948A6-DAB6-4BFC-BEEB-616C071B7C03}
		{27C753E9-E286-44AD-AE2D-DFBBD112A01E} = {3C6948A6-DAB6-4BFC-BEEB-616C071B7C03}
		{137B1A24-F3C6-45C9-A9F9-DEAFFDF2CCFD} = {3C6948A6-DAB6-4BFC-BEEB-616C071B7C03}
		{EE187C14-B45E-4C89-8A3A-E76FA4CD4A0E} = {3C6948A6-DAB6-4BFC-BEEB-616C071B7C03}
		{8A1605C2-E481-4223-90CA-0D8D18F305BD} = {3C6948A6-DAB6-4BFC-BEEB-616C071B7C03}
	EndGlobalSection
	GlobalSection(ExtensibilityGlobals) = postSolution
		SolutionGuid = {B63E01AB-A3A0-4D3D-B5B9-D91F42759097}
	EndGlobalSection
EndGlobal
